{
  "name": "solanis",
  "version": "1.0.0",
  "lockfileVersion": 3,
  "requires": true,
  "packages": {
    "": {
      "name": "solanis",
      "version": "1.0.0",
      "license": "MIT",
      "dependencies": {
        "solanis": "^1.0.0"
      }
    },
    "node_modules/solanis": {
      "version": "1.0.0",
      "resolved": "https://registry.npmjs.org/solanis/-/solanis-1.0.0.tgz",
      "integrity": "sha512-JaZlTbZm7FguVvd6cHi6RXVimvEV6nIdyboIU8cMjt1p3Owg5auTwKB++n3W01KlMSE7Ip/QhNMbIiwFo6rJ+w=="
    }
  }
}
